// !$*UTF8*$!
{
	archiveVersion = 1;
	classes = {
	};
	objectVersion = 46;
	objects = {

/* Begin PBXBuildFile section */
		5625A38A1F7C303D00753525 /* TextField.swift in Sources */ = {isa = PBXBuildFile; fileRef = 5625A3861F7C2FF300753525 /* TextField.swift */; };
		5625A38B1F7C304100753525 /* TextView.swift in Sources */ = {isa = PBXBuildFile; fileRef = 5625A3871F7C2FFF00753525 /* TextView.swift */; };
		5625A38C1F7C304400753525 /* Label.swift in Sources */ = {isa = PBXBuildFile; fileRef = 5625A3881F7C300800753525 /* Label.swift */; };
		5625A38D1F7C304700753525 /* Button.swift in Sources */ = {isa = PBXBuildFile; fileRef = 5625A3891F7C301200753525 /* Button.swift */; };
		5679BF961F7C428200587F2E /* Bundle+Ext.swift in Sources */ = {isa = PBXBuildFile; fileRef = 5679BF921F7C3CA900587F2E /* Bundle+Ext.swift */; };
		5679BF971F7C428500587F2E /* UIStoryBoard+Ext.swift in Sources */ = {isa = PBXBuildFile; fileRef = 5679BF911F7C39C100587F2E /* UIStoryBoard+Ext.swift */; };
		5679BF981F7C428C00587F2E /* UIBezierPath+Ext.swift in Sources */ = {isa = PBXBuildFile; fileRef = 5679BF931F7C3CB300587F2E /* UIBezierPath+Ext.swift */; };
		5679BF991F7C428C00587F2E /* UIView+Ext.swift in Sources */ = {isa = PBXBuildFile; fileRef = 5679BF941F7C3D2A00587F2E /* UIView+Ext.swift */; };
		5679BF9A1F7C428C00587F2E /* String+Ext.swift in Sources */ = {isa = PBXBuildFile; fileRef = 5679BF951F7C3D5300587F2E /* String+Ext.swift */; };
		56EB71E81E9AC21D00BA1A8C /* AppDelegate.swift in Sources */ = {isa = PBXBuildFile; fileRef = 56EB71E71E9AC21D00BA1A8C /* AppDelegate.swift */; };
		56EB71EA1E9AC21D00BA1A8C /* LoginViewController.swift in Sources */ = {isa = PBXBuildFile; fileRef = 56EB71E91E9AC21D00BA1A8C /* LoginViewController.swift */; };
		56EB71ED1E9AC21D00BA1A8C /* Main.storyboard in Resources */ = {isa = PBXBuildFile; fileRef = 56EB71EB1E9AC21D00BA1A8C /* Main.storyboard */; };
		56EB71EF1E9AC21D00BA1A8C /* Assets.xcassets in Resources */ = {isa = PBXBuildFile; fileRef = 56EB71EE1E9AC21D00BA1A8C /* Assets.xcassets */; };
		56EB71F21E9AC21D00BA1A8C /* LaunchScreen.storyboard in Resources */ = {isa = PBXBuildFile; fileRef = 56EB71F01E9AC21D00BA1A8C /* LaunchScreen.storyboard */; };
		56EB71FD1E9AC21D00BA1A8C /* iDicTests.swift in Sources */ = {isa = PBXBuildFile; fileRef = 56EB71FC1E9AC21D00BA1A8C /* iDicTests.swift */; };
		56EB72081E9AC21D00BA1A8C /* iDicUITests.swift in Sources */ = {isa = PBXBuildFile; fileRef = 56EB72071E9AC21D00BA1A8C /* iDicUITests.swift */; };
		7509331D97989CBE511769DB /* Pods_iDic.framework in Frameworks */ = {isa = PBXBuildFile; fileRef = B827653B47987DF79D958D09 /* Pods_iDic.framework */; };
/* End PBXBuildFile section */

/* Begin PBXContainerItemProxy section */
		56EB71F91E9AC21D00BA1A8C /* PBXContainerItemProxy */ = {
			isa = PBXContainerItemProxy;
			containerPortal = 56EB71DC1E9AC21D00BA1A8C /* Project object */;
			proxyType = 1;
			remoteGlobalIDString = 56EB71E31E9AC21D00BA1A8C;
			remoteInfo = iDic;
		};
		56EB72041E9AC21D00BA1A8C /* PBXContainerItemProxy */ = {
			isa = PBXContainerItemProxy;
			containerPortal = 56EB71DC1E9AC21D00BA1A8C /* Project object */;
			proxyType = 1;
			remoteGlobalIDString = 56EB71E31E9AC21D00BA1A8C;
			remoteInfo = iDic;
		};
/* End PBXContainerItemProxy section */

/* Begin PBXFileReference section */
		25C8ECBE013F8C70D8FC2BC5 /* Pods-iDic.release.xcconfig */ = {isa = PBXFileReference; includeInIndex = 1; lastKnownFileType = text.xcconfig; name = "Pods-iDic.release.xcconfig"; path = "Pods/Target Support Files/Pods-iDic/Pods-iDic.release.xcconfig"; sourceTree = "<group>"; };
		5625A3791F7AD7DB00753525 /* iDic.entitlements */ = {isa = PBXFileReference; lastKnownFileType = text.plist.entitlements; path = iDic.entitlements; sourceTree = "<group>"; };
		5625A3821F7AF10D00753525 /* launch.json */ = {isa = PBXFileReference; lastKnownFileType = text.json; path = launch.json; sourceTree = "<group>"; };
		5625A3831F7C2F5000753525 /* success.json */ = {isa = PBXFileReference; lastKnownFileType = text.json; path = success.json; sourceTree = "<group>"; };
		5625A3841F7C2F5E00753525 /* warning.json */ = {isa = PBXFileReference; lastKnownFileType = text.json; path = warning.json; sourceTree = "<group>"; };
		5625A3861F7C2FF300753525 /* TextField.swift */ = {isa = PBXFileReference; lastKnownFileType = sourcecode.swift; path = TextField.swift; sourceTree = "<group>"; };
		5625A3871F7C2FFF00753525 /* TextView.swift */ = {isa = PBXFileReference; lastKnownFileType = sourcecode.swift; path = TextView.swift; sourceTree = "<group>"; };
		5625A3881F7C300800753525 /* Label.swift */ = {isa = PBXFileReference; lastKnownFileType = sourcecode.swift; path = Label.swift; sourceTree = "<group>"; };
		5625A3891F7C301200753525 /* Button.swift */ = {isa = PBXFileReference; lastKnownFileType = sourcecode.swift; path = Button.swift; sourceTree = "<group>"; };
		5679BF901F7C353F00587F2E /* idic.ttf */ = {isa = PBXFileReference; lastKnownFileType = file; path = idic.ttf; sourceTree = "<group>"; };
		5679BF911F7C39C100587F2E /* UIStoryBoard+Ext.swift */ = {isa = PBXFileReference; lastKnownFileType = sourcecode.swift; path = "UIStoryBoard+Ext.swift"; sourceTree = "<group>"; };
		5679BF921F7C3CA900587F2E /* Bundle+Ext.swift */ = {isa = PBXFileReference; lastKnownFileType = sourcecode.swift; path = "Bundle+Ext.swift"; sourceTree = "<group>"; };
		5679BF931F7C3CB300587F2E /* UIBezierPath+Ext.swift */ = {isa = PBXFileReference; lastKnownFileType = sourcecode.swift; path = "UIBezierPath+Ext.swift"; sourceTree = "<group>"; };
		5679BF941F7C3D2A00587F2E /* UIView+Ext.swift */ = {isa = PBXFileReference; lastKnownFileType = sourcecode.swift; path = "UIView+Ext.swift"; sourceTree = "<group>"; };
		5679BF951F7C3D5300587F2E /* String+Ext.swift */ = {isa = PBXFileReference; lastKnownFileType = sourcecode.swift; path = "String+Ext.swift"; sourceTree = "<group>"; };
		56EB71E41E9AC21D00BA1A8C /* iDic.app */ = {isa = PBXFileReference; explicitFileType = wrapper.application; includeInIndex = 0; path = iDic.app; sourceTree = BUILT_PRODUCTS_DIR; };
		56EB71E71E9AC21D00BA1A8C /* AppDelegate.swift */ = {isa = PBXFileReference; lastKnownFileType = sourcecode.swift; path = AppDelegate.swift; sourceTree = "<group>"; };
		56EB71E91E9AC21D00BA1A8C /* LoginViewController.swift */ = {isa = PBXFileReference; lastKnownFileType = sourcecode.swift; path = LoginViewController.swift; sourceTree = "<group>"; };
		56EB71EC1E9AC21D00BA1A8C /* Base */ = {isa = PBXFileReference; lastKnownFileType = file.storyboard; name = Base; path = Base.lproj/Main.storyboard; sourceTree = "<group>"; };
		56EB71EE1E9AC21D00BA1A8C /* Assets.xcassets */ = {isa = PBXFileReference; lastKnownFileType = folder.assetcatalog; path = Assets.xcassets; sourceTree = "<group>"; };
		56EB71F11E9AC21D00BA1A8C /* Base */ = {isa = PBXFileReference; lastKnownFileType = file.storyboard; name = Base; path = Base.lproj/LaunchScreen.storyboard; sourceTree = "<group>"; };
		56EB71F31E9AC21D00BA1A8C /* Info.plist */ = {isa = PBXFileReference; lastKnownFileType = text.plist.xml; path = Info.plist; sourceTree = "<group>"; };
		56EB71F81E9AC21D00BA1A8C /* iDicTests.xctest */ = {isa = PBXFileReference; explicitFileType = wrapper.cfbundle; includeInIndex = 0; path = iDicTests.xctest; sourceTree = BUILT_PRODUCTS_DIR; };
		56EB71FC1E9AC21D00BA1A8C /* iDicTests.swift */ = {isa = PBXFileReference; lastKnownFileType = sourcecode.swift; path = iDicTests.swift; sourceTree = "<group>"; };
		56EB71FE1E9AC21D00BA1A8C /* Info.plist */ = {isa = PBXFileReference; lastKnownFileType = text.plist.xml; path = Info.plist; sourceTree = "<group>"; };
		56EB72031E9AC21D00BA1A8C /* iDicUITests.xctest */ = {isa = PBXFileReference; explicitFileType = wrapper.cfbundle; includeInIndex = 0; path = iDicUITests.xctest; sourceTree = BUILT_PRODUCTS_DIR; };
		56EB72071E9AC21D00BA1A8C /* iDicUITests.swift */ = {isa = PBXFileReference; lastKnownFileType = sourcecode.swift; path = iDicUITests.swift; sourceTree = "<group>"; };
		56EB72091E9AC21D00BA1A8C /* Info.plist */ = {isa = PBXFileReference; lastKnownFileType = text.plist.xml; path = Info.plist; sourceTree = "<group>"; };
		B827653B47987DF79D958D09 /* Pods_iDic.framework */ = {isa = PBXFileReference; explicitFileType = wrapper.framework; includeInIndex = 0; path = Pods_iDic.framework; sourceTree = BUILT_PRODUCTS_DIR; };
		E9A96CCC2F5E26FDB7BE4E7E /* Pods-iDic.debug.xcconfig */ = {isa = PBXFileReference; includeInIndex = 1; lastKnownFileType = text.xcconfig; name = "Pods-iDic.debug.xcconfig"; path = "Pods/Target Support Files/Pods-iDic/Pods-iDic.debug.xcconfig"; sourceTree = "<group>"; };
/* End PBXFileReference section */

/* Begin PBXFrameworksBuildPhase section */
		56EB71E11E9AC21D00BA1A8C /* Frameworks */ = {
			isa = PBXFrameworksBuildPhase;
			buildActionMask = 2147483647;
			files = (
				7509331D97989CBE511769DB /* Pods_iDic.framework in Frameworks */,
			);
			runOnlyForDeploymentPostprocessing = 0;
		};
		56EB71F51E9AC21D00BA1A8C /* Frameworks */ = {
			isa = PBXFrameworksBuildPhase;
			buildActionMask = 2147483647;
			files = (
			);
			runOnlyForDeploymentPostprocessing = 0;
		};
		56EB72001E9AC21D00BA1A8C /* Frameworks */ = {
			isa = PBXFrameworksBuildPhase;
			buildActionMask = 2147483647;
			files = (
			);
			runOnlyForDeploymentPostprocessing = 0;
		};
/* End PBXFrameworksBuildPhase section */

/* Begin PBXGroup section */
		5625A37B1F7AE3E500753525 /* Resource */ = {
			isa = PBXGroup;
			children = (
				5679BF901F7C353F00587F2E /* idic.ttf */,
				5625A3821F7AF10D00753525 /* launch.json */,
				5625A3831F7C2F5000753525 /* success.json */,
				5625A3841F7C2F5E00753525 /* warning.json */,
			);
			path = Resource;
			sourceTree = "<group>";
		};
		5625A37F1F7AEA1C00753525 /* Extensions */ = {
			isa = PBXGroup;
			children = (
				5679BF921F7C3CA900587F2E /* Bundle+Ext.swift */,
				5679BF911F7C39C100587F2E /* UIStoryBoard+Ext.swift */,
				5679BF931F7C3CB300587F2E /* UIBezierPath+Ext.swift */,
				5679BF941F7C3D2A00587F2E /* UIView+Ext.swift */,
				5679BF951F7C3D5300587F2E /* String+Ext.swift */,
			);
			path = Extensions;
			sourceTree = "<group>";
		};
		5625A3851F7C2FE600753525 /* Views */ = {
			isa = PBXGroup;
			children = (
				5625A3861F7C2FF300753525 /* TextField.swift */,
				5625A3871F7C2FFF00753525 /* TextView.swift */,
				5625A3881F7C300800753525 /* Label.swift */,
				5625A3891F7C301200753525 /* Button.swift */,
			);
			path = Views;
			sourceTree = "<group>";
		};
		56EB71DB1E9AC21D00BA1A8C = {
			isa = PBXGroup;
			children = (
				56EB71E61E9AC21D00BA1A8C /* iDic */,
				56EB71FB1E9AC21D00BA1A8C /* iDicTests */,
				56EB72061E9AC21D00BA1A8C /* iDicUITests */,
				56EB71E51E9AC21D00BA1A8C /* Products */,
				BA17EADD994237F89B9C2024 /* Pods */,
				8DD3035E1C8CF59657BCF521 /* Frameworks */,
			);
			sourceTree = "<group>";
		};
		56EB71E51E9AC21D00BA1A8C /* Products */ = {
			isa = PBXGroup;
			children = (
				56EB71E41E9AC21D00BA1A8C /* iDic.app */,
				56EB71F81E9AC21D00BA1A8C /* iDicTests.xctest */,
				56EB72031E9AC21D00BA1A8C /* iDicUITests.xctest */,
			);
			name = Products;
			sourceTree = "<group>";
		};
		56EB71E61E9AC21D00BA1A8C /* iDic */ = {
			isa = PBXGroup;
			children = (
				5625A3851F7C2FE600753525 /* Views */,
				5625A37F1F7AEA1C00753525 /* Extensions */,
				5625A37B1F7AE3E500753525 /* Resource */,
				5625A3791F7AD7DB00753525 /* iDic.entitlements */,
				56EB71E71E9AC21D00BA1A8C /* AppDelegate.swift */,
				56EB71E91E9AC21D00BA1A8C /* LoginViewController.swift */,
				56EB71EB1E9AC21D00BA1A8C /* Main.storyboard */,
				56EB71EE1E9AC21D00BA1A8C /* Assets.xcassets */,
				56EB71F01E9AC21D00BA1A8C /* LaunchScreen.storyboard */,
				56EB71F31E9AC21D00BA1A8C /* Info.plist */,
			);
			path = iDic;
			sourceTree = "<group>";
		};
		56EB71FB1E9AC21D00BA1A8C /* iDicTests */ = {
			isa = PBXGroup;
			children = (
				56EB71FC1E9AC21D00BA1A8C /* iDicTests.swift */,
				56EB71FE1E9AC21D00BA1A8C /* Info.plist */,
			);
			path = iDicTests;
			sourceTree = "<group>";
		};
		56EB72061E9AC21D00BA1A8C /* iDicUITests */ = {
			isa = PBXGroup;
			children = (
				56EB72071E9AC21D00BA1A8C /* iDicUITests.swift */,
				56EB72091E9AC21D00BA1A8C /* Info.plist */,
			);
			path = iDicUITests;
			sourceTree = "<group>";
		};
		8DD3035E1C8CF59657BCF521 /* Frameworks */ = {
			isa = PBXGroup;
			children = (
				B827653B47987DF79D958D09 /* Pods_iDic.framework */,
			);
			name = Frameworks;
			sourceTree = "<group>";
		};
		BA17EADD994237F89B9C2024 /* Pods */ = {
			isa = PBXGroup;
			children = (
				E9A96CCC2F5E26FDB7BE4E7E /* Pods-iDic.debug.xcconfig */,
				25C8ECBE013F8C70D8FC2BC5 /* Pods-iDic.release.xcconfig */,
			);
			name = Pods;
			sourceTree = "<group>";
		};
/* End PBXGroup section */

/* Begin PBXNativeTarget section */
		56EB71E31E9AC21D00BA1A8C /* iDic */ = {
			isa = PBXNativeTarget;
			buildConfigurationList = 56EB720C1E9AC21D00BA1A8C /* Build configuration list for PBXNativeTarget "iDic" */;
			buildPhases = (
				5F246CBF19FB419D294A8055 /* [CP] Check Pods Manifest.lock */,
				56EB71E01E9AC21D00BA1A8C /* Sources */,
				56EB71E11E9AC21D00BA1A8C /* Frameworks */,
				56EB71E21E9AC21D00BA1A8C /* Resources */,
				6DF5D16AF5E47982A5F32C78 /* [CP] Embed Pods Frameworks */,
				5F8BD8DFEF1CF76549C6CAD9 /* [CP] Copy Pods Resources */,
			);
			buildRules = (
			);
			dependencies = (
			);
			name = iDic;
			productName = iDic;
			productReference = 56EB71E41E9AC21D00BA1A8C /* iDic.app */;
			productType = "com.apple.product-type.application";
		};
		56EB71F71E9AC21D00BA1A8C /* iDicTests */ = {
			isa = PBXNativeTarget;
			buildConfigurationList = 56EB720F1E9AC21D00BA1A8C /* Build configuration list for PBXNativeTarget "iDicTests" */;
			buildPhases = (
				56EB71F41E9AC21D00BA1A8C /* Sources */,
				56EB71F51E9AC21D00BA1A8C /* Frameworks */,
				56EB71F61E9AC21D00BA1A8C /* Resources */,
			);
			buildRules = (
			);
			dependencies = (
				56EB71FA1E9AC21D00BA1A8C /* PBXTargetDependency */,
			);
			name = iDicTests;
			productName = iDicTests;
			productReference = 56EB71F81E9AC21D00BA1A8C /* iDicTests.xctest */;
			productType = "com.apple.product-type.bundle.unit-test";
		};
		56EB72021E9AC21D00BA1A8C /* iDicUITests */ = {
			isa = PBXNativeTarget;
			buildConfigurationList = 56EB72121E9AC21D00BA1A8C /* Build configuration list for PBXNativeTarget "iDicUITests" */;
			buildPhases = (
				56EB71FF1E9AC21D00BA1A8C /* Sources */,
				56EB72001E9AC21D00BA1A8C /* Frameworks */,
				56EB72011E9AC21D00BA1A8C /* Resources */,
			);
			buildRules = (
			);
			dependencies = (
				56EB72051E9AC21D00BA1A8C /* PBXTargetDependency */,
			);
			name = iDicUITests;
			productName = iDicUITests;
			productReference = 56EB72031E9AC21D00BA1A8C /* iDicUITests.xctest */;
			productType = "com.apple.product-type.bundle.ui-testing";
		};
/* End PBXNativeTarget section */

/* Begin PBXProject section */
		56EB71DC1E9AC21D00BA1A8C /* Project object */ = {
			isa = PBXProject;
			attributes = {
				LastSwiftUpdateCheck = 0820;
				LastUpgradeCheck = 0900;
				ORGANIZATIONNAME = "Yura Granchenko";
				TargetAttributes = {
					56EB71E31E9AC21D00BA1A8C = {
						CreatedOnToolsVersion = 8.2.1;
						DevelopmentTeam = 224SJKKLQ3;
						LastSwiftMigration = 0900;
						ProvisioningStyle = Manual;
						SystemCapabilities = {
							com.apple.Push = {
								enabled = 1;
							};
						};
					};
					56EB71F71E9AC21D00BA1A8C = {
						CreatedOnToolsVersion = 8.2.1;
						DevelopmentTeam = 224SJKKLQ3;
						LastSwiftMigration = 0900;
						ProvisioningStyle = Automatic;
						TestTargetID = 56EB71E31E9AC21D00BA1A8C;
					};
					56EB72021E9AC21D00BA1A8C = {
						CreatedOnToolsVersion = 8.2.1;
						DevelopmentTeam = 224SJKKLQ3;
						LastSwiftMigration = 0900;
						ProvisioningStyle = Automatic;
						TestTargetID = 56EB71E31E9AC21D00BA1A8C;
					};
				};
			};
			buildConfigurationList = 56EB71DF1E9AC21D00BA1A8C /* Build configuration list for PBXProject "iDic" */;
			compatibilityVersion = "Xcode 3.2";
			developmentRegion = English;
			hasScannedForEncodings = 0;
			knownRegions = (
				en,
				Base,
			);
			mainGroup = 56EB71DB1E9AC21D00BA1A8C;
			productRefGroup = 56EB71E51E9AC21D00BA1A8C /* Products */;
			projectDirPath = "";
			projectRoot = "";
			targets = (
				56EB71E31E9AC21D00BA1A8C /* iDic */,
				56EB71F71E9AC21D00BA1A8C /* iDicTests */,
				56EB72021E9AC21D00BA1A8C /* iDicUITests */,
			);
		};
/* End PBXProject section */

/* Begin PBXResourcesBuildPhase section */
		56EB71E21E9AC21D00BA1A8C /* Resources */ = {
			isa = PBXResourcesBuildPhase;
			buildActionMask = 2147483647;
			files = (
				56EB71F21E9AC21D00BA1A8C /* LaunchScreen.storyboard in Resources */,
				56EB71EF1E9AC21D00BA1A8C /* Assets.xcassets in Resources */,
				56EB71ED1E9AC21D00BA1A8C /* Main.storyboard in Resources */,
			);
			runOnlyForDeploymentPostprocessing = 0;
		};
		56EB71F61E9AC21D00BA1A8C /* Resources */ = {
			isa = PBXResourcesBuildPhase;
			buildActionMask = 2147483647;
			files = (
			);
			runOnlyForDeploymentPostprocessing = 0;
		};
		56EB72011E9AC21D00BA1A8C /* Resources */ = {
			isa = PBXResourcesBuildPhase;
			buildActionMask = 2147483647;
			files = (
			);
			runOnlyForDeploymentPostprocessing = 0;
		};
/* End PBXResourcesBuildPhase section */

/* Begin PBXShellScriptBuildPhase section */
		5F246CBF19FB419D294A8055 /* [CP] Check Pods Manifest.lock */ = {
			isa = PBXShellScriptBuildPhase;
			buildActionMask = 2147483647;
			files = (
			);
			inputPaths = (
				"${PODS_PODFILE_DIR_PATH}/Podfile.lock",
				"${PODS_ROOT}/Manifest.lock",
			);
			name = "[CP] Check Pods Manifest.lock";
			outputPaths = (
				"$(DERIVED_FILE_DIR)/Pods-iDic-checkManifestLockResult.txt",
			);
			runOnlyForDeploymentPostprocessing = 0;
			shellPath = /bin/sh;
			shellScript = "diff \"${PODS_PODFILE_DIR_PATH}/Podfile.lock\" \"${PODS_ROOT}/Manifest.lock\" > /dev/null\nif [ $? != 0 ] ; then\n    # print error to STDERR\n    echo \"error: The sandbox is not in sync with the Podfile.lock. Run 'pod install' or update your CocoaPods installation.\" >&2\n    exit 1\nfi\n# This output is used by Xcode 'outputs' to avoid re-running this script phase.\necho \"SUCCESS\" > \"${SCRIPT_OUTPUT_FILE_0}\"\n";
			showEnvVarsInLog = 0;
		};
		5F8BD8DFEF1CF76549C6CAD9 /* [CP] Copy Pods Resources */ = {
			isa = PBXShellScriptBuildPhase;
			buildActionMask = 2147483647;
			files = (
			);
			inputPaths = (
			);
			name = "[CP] Copy Pods Resources";
			outputPaths = (
			);
			runOnlyForDeploymentPostprocessing = 0;
			shellPath = /bin/sh;
			shellScript = "\"${SRCROOT}/Pods/Target Support Files/Pods-iDic/Pods-iDic-resources.sh\"\n";
			showEnvVarsInLog = 0;
		};
		6DF5D16AF5E47982A5F32C78 /* [CP] Embed Pods Frameworks */ = {
			isa = PBXShellScriptBuildPhase;
			buildActionMask = 2147483647;
			files = (
			);
			inputPaths = (
				"${SRCROOT}/Pods/Target Support Files/Pods-iDic/Pods-iDic-frameworks.sh",
				"${BUILT_PRODUCTS_DIR}/Alamofire/Alamofire.framework",
				"${BUILT_PRODUCTS_DIR}/Bolts/Bolts.framework",
				"${BUILT_PRODUCTS_DIR}/FBSDKCoreKit/FBSDKCoreKit.framework",
				"${BUILT_PRODUCTS_DIR}/FBSDKLoginKit/FBSDKLoginKit.framework",
				"${BUILT_PRODUCTS_DIR}/FBSDKShareKit/FBSDKShareKit.framework",
				"${BUILT_PRODUCTS_DIR}/FacebookCore/FacebookCore.framework",
				"${BUILT_PRODUCTS_DIR}/FacebookLogin/FacebookLogin.framework",
				"${BUILT_PRODUCTS_DIR}/FacebookShare/FacebookShare.framework",
				"${BUILT_PRODUCTS_DIR}/Realm/Realm.framework",
				"${BUILT_PRODUCTS_DIR}/RealmSwift/RealmSwift.framework",
				"${BUILT_PRODUCTS_DIR}/SnapKit/SnapKit.framework",
				"${BUILT_PRODUCTS_DIR}/StreamView/StreamView.framework",
				"${BUILT_PRODUCTS_DIR}/SwiftyJSON/SwiftyJSON.framework",
				"${BUILT_PRODUCTS_DIR}/lottie-ios/Lottie.framework",
			);
			name = "[CP] Embed Pods Frameworks";
			outputPaths = (
				"${TARGET_BUILD_DIR}/${FRAMEWORKS_FOLDER_PATH}/Alamofire.framework",
				"${TARGET_BUILD_DIR}/${FRAMEWORKS_FOLDER_PATH}/Bolts.framework",
				"${TARGET_BUILD_DIR}/${FRAMEWORKS_FOLDER_PATH}/FBSDKCoreKit.framework",
				"${TARGET_BUILD_DIR}/${FRAMEWORKS_FOLDER_PATH}/FBSDKLoginKit.framework",
				"${TARGET_BUILD_DIR}/${FRAMEWORKS_FOLDER_PATH}/FBSDKShareKit.framework",
				"${TARGET_BUILD_DIR}/${FRAMEWORKS_FOLDER_PATH}/FacebookCore.framework",
				"${TARGET_BUILD_DIR}/${FRAMEWORKS_FOLDER_PATH}/FacebookLogin.framework",
				"${TARGET_BUILD_DIR}/${FRAMEWORKS_FOLDER_PATH}/FacebookShare.framework",
				"${TARGET_BUILD_DIR}/${FRAMEWORKS_FOLDER_PATH}/Realm.framework",
				"${TARGET_BUILD_DIR}/${FRAMEWORKS_FOLDER_PATH}/RealmSwift.framework",
				"${TARGET_BUILD_DIR}/${FRAMEWORKS_FOLDER_PATH}/SnapKit.framework",
				"${TARGET_BUILD_DIR}/${FRAMEWORKS_FOLDER_PATH}/StreamView.framework",
				"${TARGET_BUILD_DIR}/${FRAMEWORKS_FOLDER_PATH}/SwiftyJSON.framework",
				"${TARGET_BUILD_DIR}/${FRAMEWORKS_FOLDER_PATH}/Lottie.framework",
			);
			runOnlyForDeploymentPostprocessing = 0;
			shellPath = /bin/sh;
			shellScript = "\"${SRCROOT}/Pods/Target Support Files/Pods-iDic/Pods-iDic-frameworks.sh\"\n";
			showEnvVarsInLog = 0;
		};
/* End PBXShellScriptBuildPhase section */

/* Begin PBXSourcesBuildPhase section */
		56EB71E01E9AC21D00BA1A8C /* Sources */ = {
			isa = PBXSourcesBuildPhase;
			buildActionMask = 2147483647;
			files = (
				5625A38A1F7C303D00753525 /* TextField.swift in Sources */,
				5625A38D1F7C304700753525 /* Button.swift in Sources */,
				5679BF991F7C428C00587F2E /* UIView+Ext.swift in Sources */,
				5625A38B1F7C304100753525 /* TextView.swift in Sources */,
				56EB71EA1E9AC21D00BA1A8C /* LoginViewController.swift in Sources */,
				5679BF981F7C428C00587F2E /* UIBezierPath+Ext.swift in Sources */,
				5679BF971F7C428500587F2E /* UIStoryBoard+Ext.swift in Sources */,
				5679BF961F7C428200587F2E /* Bundle+Ext.swift in Sources */,
				5625A38C1F7C304400753525 /* Label.swift in Sources */,
				56EB71E81E9AC21D00BA1A8C /* AppDelegate.swift in Sources */,
				5679BF9A1F7C428C00587F2E /* String+Ext.swift in Sources */,
			);
			runOnlyForDeploymentPostprocessing = 0;
		};
		56EB71F41E9AC21D00BA1A8C /* Sources */ = {
			isa = PBXSourcesBuildPhase;
			buildActionMask = 2147483647;
			files = (
				56EB71FD1E9AC21D00BA1A8C /* iDicTests.swift in Sources */,
			);
			runOnlyForDeploymentPostprocessing = 0;
		};
		56EB71FF1E9AC21D00BA1A8C /* Sources */ = {
			isa = PBXSourcesBuildPhase;
			buildActionMask = 2147483647;
			files = (
				56EB72081E9AC21D00BA1A8C /* iDicUITests.swift in Sources */,
			);
			runOnlyForDeploymentPostprocessing = 0;
		};
/* End PBXSourcesBuildPhase section */

/* Begin PBXTargetDependency section */
		56EB71FA1E9AC21D00BA1A8C /* PBXTargetDependency */ = {
			isa = PBXTargetDependency;
			target = 56EB71E31E9AC21D00BA1A8C /* iDic */;
			targetProxy = 56EB71F91E9AC21D00BA1A8C /* PBXContainerItemProxy */;
		};
		56EB72051E9AC21D00BA1A8C /* PBXTargetDependency */ = {
			isa = PBXTargetDependency;
			target = 56EB71E31E9AC21D00BA1A8C /* iDic */;
			targetProxy = 56EB72041E9AC21D00BA1A8C /* PBXContainerItemProxy */;
		};
/* End PBXTargetDependency section */

/* Begin PBXVariantGroup section */
		56EB71EB1E9AC21D00BA1A8C /* Main.storyboard */ = {
			isa = PBXVariantGroup;
			children = (
				56EB71EC1E9AC21D00BA1A8C /* Base */,
			);
			name = Main.storyboard;
			sourceTree = "<group>";
		};
		56EB71F01E9AC21D00BA1A8C /* LaunchScreen.storyboard */ = {
			isa = PBXVariantGroup;
			children = (
				56EB71F11E9AC21D00BA1A8C /* Base */,
			);
			name = LaunchScreen.storyboard;
			sourceTree = "<group>";
		};
/* End PBXVariantGroup section */

/* Begin XCBuildConfiguration section */
		56EB720A1E9AC21D00BA1A8C /* Debug */ = {
			isa = XCBuildConfiguration;
			buildSettings = {
				ALWAYS_SEARCH_USER_PATHS = NO;
				CLANG_ANALYZER_NONNULL = YES;
				CLANG_CXX_LANGUAGE_STANDARD = "gnu++0x";
				CLANG_CXX_LIBRARY = "libc++";
				CLANG_ENABLE_MODULES = YES;
				CLANG_ENABLE_OBJC_ARC = YES;
				CLANG_WARN_BLOCK_CAPTURE_AUTORELEASING = YES;
				CLANG_WARN_BOOL_CONVERSION = YES;
				CLANG_WARN_COMMA = YES;
				CLANG_WARN_CONSTANT_CONVERSION = YES;
				CLANG_WARN_DIRECT_OBJC_ISA_USAGE = YES_ERROR;
				CLANG_WARN_DOCUMENTATION_COMMENTS = YES;
				CLANG_WARN_EMPTY_BODY = YES;
				CLANG_WARN_ENUM_CONVERSION = YES;
				CLANG_WARN_INFINITE_RECURSION = YES;
				CLANG_WARN_INT_CONVERSION = YES;
				CLANG_WARN_NON_LITERAL_NULL_CONVERSION = YES;
				CLANG_WARN_OBJC_LITERAL_CONVERSION = YES;
				CLANG_WARN_OBJC_ROOT_CLASS = YES_ERROR;
				CLANG_WARN_RANGE_LOOP_ANALYSIS = YES;
				CLANG_WARN_STRICT_PROTOTYPES = YES;
				CLANG_WARN_SUSPICIOUS_MOVE = YES;
				CLANG_WARN_UNREACHABLE_CODE = YES;
				CLANG_WARN__DUPLICATE_METHOD_MATCH = YES;
				"CODE_SIGN_IDENTITY[sdk=iphoneos*]" = "iPhone Developer";
				COPY_PHASE_STRIP = NO;
				DEBUG_INFORMATION_FORMAT = dwarf;
				ENABLE_STRICT_OBJC_MSGSEND = YES;
				ENABLE_TESTABILITY = YES;
				GCC_C_LANGUAGE_STANDARD = gnu99;
				GCC_DYNAMIC_NO_PIC = NO;
				GCC_NO_COMMON_BLOCKS = YES;
				GCC_OPTIMIZATION_LEVEL = 0;
				GCC_PREPROCESSOR_DEFINITIONS = (
					"DEBUG=1",
					"$(inherited)",
				);
				GCC_WARN_64_TO_32_BIT_CONVERSION = YES;
				GCC_WARN_ABOUT_RETURN_TYPE = YES_ERROR;
				GCC_WARN_UNDECLARED_SELECTOR = YES;
				GCC_WARN_UNINITIALIZED_AUTOS = YES_AGGRESSIVE;
				GCC_WARN_UNUSED_FUNCTION = YES;
				GCC_WARN_UNUSED_VARIABLE = YES;
				IPHONEOS_DEPLOYMENT_TARGET = 10.2;
				MTL_ENABLE_DEBUG_INFO = YES;
				ONLY_ACTIVE_ARCH = YES;
				SDKROOT = iphoneos;
				SWIFT_ACTIVE_COMPILATION_CONDITIONS = DEBUG;
				SWIFT_OPTIMIZATION_LEVEL = "-Onone";
			};
			name = Debug;
		};
		56EB720B1E9AC21D00BA1A8C /* Release */ = {
			isa = XCBuildConfiguration;
			buildSettings = {
				ALWAYS_SEARCH_USER_PATHS = NO;
				CLANG_ANALYZER_NONNULL = YES;
				CLANG_CXX_LANGUAGE_STANDARD = "gnu++0x";
				CLANG_CXX_LIBRARY = "libc++";
				CLANG_ENABLE_MODULES = YES;
				CLANG_ENABLE_OBJC_ARC = YES;
				CLANG_WARN_BLOCK_CAPTURE_AUTORELEASING = YES;
				CLANG_WARN_BOOL_CONVERSION = YES;
				CLANG_WARN_COMMA = YES;
				CLANG_WARN_CONSTANT_CONVERSION = YES;
				CLANG_WARN_DIRECT_OBJC_ISA_USAGE = YES_ERROR;
				CLANG_WARN_DOCUMENTATION_COMMENTS = YES;
				CLANG_WARN_EMPTY_BODY = YES;
				CLANG_WARN_ENUM_CONVERSION = YES;
				CLANG_WARN_INFINITE_RECURSION = YES;
				CLANG_WARN_INT_CONVERSION = YES;
				CLANG_WARN_NON_LITERAL_NULL_CONVERSION = YES;
				CLANG_WARN_OBJC_LITERAL_CONVERSION = YES;
				CLANG_WARN_OBJC_ROOT_CLASS = YES_ERROR;
				CLANG_WARN_RANGE_LOOP_ANALYSIS = YES;
				CLANG_WARN_STRICT_PROTOTYPES = YES;
				CLANG_WARN_SUSPICIOUS_MOVE = YES;
				CLANG_WARN_UNREACHABLE_CODE = YES;
				CLANG_WARN__DUPLICATE_METHOD_MATCH = YES;
				"CODE_SIGN_IDENTITY[sdk=iphoneos*]" = "iPhone Developer";
				COPY_PHASE_STRIP = NO;
				DEBUG_INFORMATION_FORMAT = "dwarf-with-dsym";
				ENABLE_NS_ASSERTIONS = NO;
				ENABLE_STRICT_OBJC_MSGSEND = YES;
				GCC_C_LANGUAGE_STANDARD = gnu99;
				GCC_NO_COMMON_BLOCKS = YES;
				GCC_WARN_64_TO_32_BIT_CONVERSION = YES;
				GCC_WARN_ABOUT_RETURN_TYPE = YES_ERROR;
				GCC_WARN_UNDECLARED_SELECTOR = YES;
				GCC_WARN_UNINITIALIZED_AUTOS = YES_AGGRESSIVE;
				GCC_WARN_UNUSED_FUNCTION = YES;
				GCC_WARN_UNUSED_VARIABLE = YES;
				IPHONEOS_DEPLOYMENT_TARGET = 10.2;
				MTL_ENABLE_DEBUG_INFO = NO;
				SDKROOT = iphoneos;
				SWIFT_OPTIMIZATION_LEVEL = "-Owholemodule";
				VALIDATE_PRODUCT = YES;
			};
			name = Release;
		};
		56EB720D1E9AC21D00BA1A8C /* Debug */ = {
			isa = XCBuildConfiguration;
			baseConfigurationReference = E9A96CCC2F5E26FDB7BE4E7E /* Pods-iDic.debug.xcconfig */;
			buildSettings = {
				ASSETCATALOG_COMPILER_APPICON_NAME = AppIcon;
				CODE_SIGN_ENTITLEMENTS = iDic/iDic.entitlements;
				"CODE_SIGN_IDENTITY[sdk=iphoneos*]" = "iPhone Developer: Yuriy Granchenko (3WYNX9RJ52)";
				DEVELOPMENT_TEAM = 224SJKKLQ3;
				INFOPLIST_FILE = iDic/Info.plist;
				LD_RUNPATH_SEARCH_PATHS = "$(inherited) @executable_path/Frameworks";
				PRODUCT_BUNDLE_IDENTIFIER = com.yuraGranchenko.iDic;
				PRODUCT_NAME = "$(TARGET_NAME)";
				PROVISIONING_PROFILE = "f7f9e4b9-07ea-4cd0-b01d-82d3a5a4e8a7";
				PROVISIONING_PROFILE_SPECIFIER = iDic_Developer_Profile;
				SWIFT_SWIFT3_OBJC_INFERENCE = On;
				SWIFT_VERSION = 4.0;
			};
			name = Debug;
		};
		56EB720E1E9AC21D00BA1A8C /* Release */ = {
			isa = XCBuildConfiguration;
			baseConfigurationReference = 25C8ECBE013F8C70D8FC2BC5 /* Pods-iDic.release.xcconfig */;
			buildSettings = {
				ASSETCATALOG_COMPILER_APPICON_NAME = AppIcon;
				CODE_SIGN_ENTITLEMENTS = iDic/iDic.entitlements;
				"CODE_SIGN_IDENTITY[sdk=iphoneos*]" = "iPhone Distribution: Yura Granchenko (224SJKKLQ3)";
				DEVELOPMENT_TEAM = 224SJKKLQ3;
				INFOPLIST_FILE = iDic/Info.plist;
				LD_RUNPATH_SEARCH_PATHS = "$(inherited) @executable_path/Frameworks";
				PRODUCT_BUNDLE_IDENTIFIER = com.yuraGranchenko.iDic;
				PRODUCT_NAME = "$(TARGET_NAME)";
				PROVISIONING_PROFILE = "ee0b117f-6ed9-4f3d-9c07-a3e4c3fd3ac5";
				PROVISIONING_PROFILE_SPECIFIER = iDic_Ad_Hoc_Profile;
				SWIFT_SWIFT3_OBJC_INFERENCE = On;
				SWIFT_VERSION = 4.0;
			};
			name = Release;
		};
		56EB72101E9AC21D00BA1A8C /* Debug */ = {
			isa = XCBuildConfiguration;
			buildSettings = {
				ALWAYS_EMBED_SWIFT_STANDARD_LIBRARIES = YES;
				BUNDLE_LOADER = "$(TEST_HOST)";
				DEVELOPMENT_TEAM = 224SJKKLQ3;
				INFOPLIST_FILE = iDicTests/Info.plist;
				LD_RUNPATH_SEARCH_PATHS = "$(inherited) @executable_path/Frameworks @loader_path/Frameworks";
				PRODUCT_BUNDLE_IDENTIFIER = com.yuraGranchenko.iDicTests;
				PRODUCT_NAME = "$(TARGET_NAME)";
				SWIFT_SWIFT3_OBJC_INFERENCE = On;
				SWIFT_VERSION = 4.0;
				TEST_HOST = "$(BUILT_PRODUCTS_DIR)/iDic.app/iDic";
			};
			name = Debug;
		};
		56EB72111E9AC21D00BA1A8C /* Release */ = {
			isa = XCBuildConfiguration;
			buildSettings = {
				ALWAYS_EMBED_SWIFT_STANDARD_LIBRARIES = YES;
				BUNDLE_LOADER = "$(TEST_HOST)";
				DEVELOPMENT_TEAM = 224SJKKLQ3;
				INFOPLIST_FILE = iDicTests/Info.plist;
				LD_RUNPATH_SEARCH_PATHS = "$(inherited) @executable_path/Frameworks @loader_path/Frameworks";
				PRODUCT_BUNDLE_IDENTIFIER = com.yuraGranchenko.iDicTests;
				PRODUCT_NAME = "$(TARGET_NAME)";
				SWIFT_SWIFT3_OBJC_INFERENCE = On;
				SWIFT_VERSION = 4.0;
				TEST_HOST = "$(BUILT_PRODUCTS_DIR)/iDic.app/iDic";
			};
			name = Release;
		};
		56EB72131E9AC21D00BA1A8C /* Debug */ = {
			isa = XCBuildConfiguration;
			buildSettings = {
				ALWAYS_EMBED_SWIFT_STANDARD_LIBRARIES = YES;
				DEVELOPMENT_TEAM = 224SJKKLQ3;
				INFOPLIST_FILE = iDicUITests/Info.plist;
				LD_RUNPATH_SEARCH_PATHS = "$(inherited) @executable_path/Frameworks @loader_path/Frameworks";
				PRODUCT_BUNDLE_IDENTIFIER = com.yuraGranchenko.iDicUITests;
				PRODUCT_NAME = "$(TARGET_NAME)";
				SWIFT_SWIFT3_OBJC_INFERENCE = On;
				SWIFT_VERSION = 4.0;
				TEST_TARGET_NAME = iDic;
			};
			name = Debug;
		};
		56EB72141E9AC21D00BA1A8C /* Release */ = {
			isa = XCBuildConfiguration;
			buildSettings = {
				ALWAYS_EMBED_SWIFT_STANDARD_LIBRARIES = YES;
				DEVELOPMENT_TEAM = 224SJKKLQ3;
				INFOPLIST_FILE = iDicUITests/Info.plist;
				LD_RUNPATH_SEARCH_PATHS = "$(inherited) @executable_path/Frameworks @loader_path/Frameworks";
				PRODUCT_BUNDLE_IDENTIFIER = com.yuraGranchenko.iDicUITests;
				PRODUCT_NAME = "$(TARGET_NAME)";
				SWIFT_SWIFT3_OBJC_INFERENCE = On;
				SWIFT_VERSION = 4.0;
				TEST_TARGET_NAME = iDic;
			};
			name = Release;
		};
/* End XCBuildConfiguration section */

/* Begin XCConfigurationList section */
		56EB71DF1E9AC21D00BA1A8C /* Build configuration list for PBXProject "iDic" */ = {
			isa = XCConfigurationList;
			buildConfigurations = (
				56EB720A1E9AC21D00BA1A8C /* Debug */,
				56EB720B1E9AC21D00BA1A8C /* Release */,
			);
			defaultConfigurationIsVisible = 0;
			defaultConfigurationName = Release;
		};
		56EB720C1E9AC21D00BA1A8C /* Build configuration list for PBXNativeTarget "iDic" */ = {
			isa = XCConfigurationList;
			buildConfigurations = (
				56EB720D1E9AC21D00BA1A8C /* Debug */,
				56EB720E1E9AC21D00BA1A8C /* Release */,
			);
			defaultConfigurationIsVisible = 0;
			defaultConfigurationName = Release;
		};
		56EB720F1E9AC21D00BA1A8C /* Build configuration list for PBXNativeTarget "iDicTests" */ = {
			isa = XCConfigurationList;
			buildConfigurations = (
				56EB72101E9AC21D00BA1A8C /* Debug */,
				56EB72111E9AC21D00BA1A8C /* Release */,
			);
			defaultConfigurationIsVisible = 0;
			defaultConfigurationName = Release;
		};
		56EB72121E9AC21D00BA1A8C /* Build configuration list for PBXNativeTarget "iDicUITests" */ = {
			isa = XCConfigurationList;
			buildConfigurations = (
				56EB72131E9AC21D00BA1A8C /* Debug */,
				56EB72141E9AC21D00BA1A8C /* Release */,
			);
			defaultConfigurationIsVisible = 0;
			defaultConfigurationName = Release;
		};
/* End XCConfigurationList section */
	};
	rootObject = 56EB71DC1E9AC21D00BA1A8C /* Project object */;
}
